
Microsoft Visual Studio Solution File, Format Version 12.00
# Visual Studio Version 16
VisualStudioVersion = 16.0.33927.289
MinimumVisualStudioVersion = 10.0.40219.1
Project("{FAE04EC0-301F-11D3-BF4B-00C04F79EFBC}") = "RemotingServer", "RemotingServer\RemotingServer.csproj", "{491AFBEB-CCA6-47EE-BDD4-646D4ACF6F96}"
EndProject
Global
	GlobalSection(SolutionConfigurationPlatforms) = preSolution
		Debug|Any CPU = Debug|Any CPU
		Release|Any CPU = Release|Any CPU
	EndGlobalSection
	GlobalSection(ProjectConfigurationPlatforms) = postSolution
		{491AFBEB-CCA6-47EE-BDD4-646D4ACF6F96}.Debug|Any CPU.ActiveCfg = Debug|Any CPU
		{491AFBEB-CCA6-47EE-BDD4-646D4ACF6F96}.Debug|Any CPU.Build.0 = Debug|Any CPU
		{491AFBEB-CCA6-47EE-BDD4-646D4ACF6F96}.Release|Any CPU.ActiveCfg = Release|Any CPU
		{491AFBEB-CCA6-47EE-BDD4-646D4ACF6F96}.Release|Any CPU.Build.0 = Release|Any CPU
	EndGlobalSection
	GlobalSection(SolutionProperties) = preSolution
		HideSolutionNode = FALSE
	EndGlobalSection
	GlobalSection(ExtensibilityGlobals) = postSolution
		SolutionGuid = {FF3D0992-2ADA-4D33-BD07-FF9EAFFB3A84}
	EndGlobalSection
EndGlobal
