
Microsoft Visual Studio Solution File, Format Version 12.00
# Visual Studio Version 16
VisualStudioVersion = 16.0.33927.289
MinimumVisualStudioVersion = 10.0.40219.1
Project("{FAE04EC0-301F-11D3-BF4B-00C04F79EFBC}") = "RemotingClient", "RemotingClient\RemotingClient.csproj", "{64772A13-7664-430F-9751-062AC47C47C8}"
EndProject
Global
	GlobalSection(SolutionConfigurationPlatforms) = preSolution
		Debug|Any CPU = Debug|Any CPU
		Release|Any CPU = Release|Any CPU
	EndGlobalSection
	GlobalSection(ProjectConfigurationPlatforms) = postSolution
		{64772A13-7664-430F-9751-062AC47C47C8}.Debug|Any CPU.ActiveCfg = Debug|Any CPU
		{64772A13-7664-430F-9751-062AC47C47C8}.Debug|Any CPU.Build.0 = Debug|Any CPU
		{64772A13-7664-430F-9751-062AC47C47C8}.Release|Any CPU.ActiveCfg = Release|Any CPU
		{64772A13-7664-430F-9751-062AC47C47C8}.Release|Any CPU.Build.0 = Release|Any CPU
	EndGlobalSection
	GlobalSection(SolutionProperties) = preSolution
		HideSolutionNode = FALSE
	EndGlobalSection
	GlobalSection(ExtensibilityGlobals) = postSolution
		SolutionGuid = {8A8E286E-7797-4BC1-96F2-C0254DC3E133}
	EndGlobalSection
EndGlobal
